
Microsoft Visual Studio Solution File, Format Version 12.00
# Visual Studio 15
VisualStudioVersion = 15.0.28307.271
MinimumVisualStudioVersion = 10.0.40219.1
Project("{FAE04EC0-301F-11D3-BF4B-00C04F79EFBC}") = "Client", "Client\Client.csproj", "{AA951042-542C-4737-9DDC-CE34187F109A}"
EndProject
Project("{FAE04EC0-301F-11D3-BF4B-00C04F79EFBC}") = "Server", "Server\Server.csproj", "{E7C1483B-C770-4687-8F4D-B6434CEB0BE7}"
EndProject
Global
	GlobalSection(SolutionConfigurationPlatforms) = preSolution
		Debug|Any CPU = Debug|Any CPU
		Release|Any CPU = Release|Any CPU
	EndGlobalSection
	GlobalSection(ProjectConfigurationPlatforms) = postSolution
		{AA951042-542C-4737-9DDC-CE34187F109A}.Debug|Any CPU.ActiveCfg = Debug|Any CPU
		{AA951042-542C-4737-9DDC-CE34187F109A}.Debug|Any CPU.Build.0 = Debug|Any CPU
		{AA951042-542C-4737-9DDC-CE34187F109A}.Release|Any CPU.ActiveCfg = Release|Any CPU
		{AA951042-542C-4737-9DDC-CE34187F109A}.Release|Any CPU.Build.0 = Release|Any CPU
		{E7C1483B-C770-4687-8F4D-B6434CEB0BE7}.Debug|Any CPU.ActiveCfg = Debug|Any CPU
		{E7C1483B-C770-4687-8F4D-B6434CEB0BE7}.Debug|Any CPU.Build.0 = Debug|Any CPU
		{E7C1483B-C770-4687-8F4D-B6434CEB0BE7}.Release|Any CPU.ActiveCfg = Release|Any CPU
		{E7C1483B-C770-4687-8F4D-B6434CEB0BE7}.Release|Any CPU.Build.0 = Release|Any CPU
	EndGlobalSection
	GlobalSection(SolutionProperties) = preSolution
		HideSolutionNode = FALSE
	EndGlobalSection
	GlobalSection(ExtensibilityGlobals) = postSolution
		SolutionGuid = {27B0B0E0-FD03-4572-B18D-A6DDD16850C7}
	EndGlobalSection
EndGlobal
